// !$*UTF8*$!
{
	archiveVersion = 1;
	classes = {
	};
	objectVersion = 46;
	objects = {

/* Begin PBXBuildFile section */
		AF8B42F5183265B80042696F /* Foundation.framework in Frameworks */ = {isa = PBXBuildFile; fileRef = AF8B42F4183265B80042696F /* Foundation.framework */; };
		AF8B42F7183265B80042696F /* CoreGraphics.framework in Frameworks */ = {isa = PBXBuildFile; fileRef = AF8B42F6183265B80042696F /* CoreGraphics.framework */; };
		AF8B42F9183265B80042696F /* UIKit.framework in Frameworks */ = {isa = PBXBuildFile; fileRef = AF8B42F8183265B80042696F /* UIKit.framework */; };
		AF8B42FF183265B80042696F /* InfoPlist.strings in Resources */ = {isa = PBXBuildFile; fileRef = AF8B42FD183265B80042696F /* InfoPlist.strings */; };
		AF8B4301183265B80042696F /* main.m in Sources */ = {isa = PBXBuildFile; fileRef = AF8B4300183265B80042696F /* main.m */; };
		AF8B4305183265B80042696F /* AppDelegate.m in Sources */ = {isa = PBXBuildFile; fileRef = AF8B4304183265B80042696F /* AppDelegate.m */; };
		AF8B4307183265B80042696F /* Images.xcassets in Resources */ = {isa = PBXBuildFile; fileRef = AF8B4306183265B80042696F /* Images.xcassets */; };
		AF8B430E183265B80042696F /* XCTest.framework in Frameworks */ = {isa = PBXBuildFile; fileRef = AF8B430D183265B80042696F /* XCTest.framework */; };
		AF8B430F183265B80042696F /* Foundation.framework in Frameworks */ = {isa = PBXBuildFile; fileRef = AF8B42F4183265B80042696F /* Foundation.framework */; };
		AF8B4310183265B80042696F /* UIKit.framework in Frameworks */ = {isa = PBXBuildFile; fileRef = AF8B42F8183265B80042696F /* UIKit.framework */; };
		AF8B4318183265B80042696F /* InfoPlist.strings in Resources */ = {isa = PBXBuildFile; fileRef = AF8B4316183265B80042696F /* InfoPlist.strings */; };
		AF8B431A183265B80042696F /* PainterTests.m in Sources */ = {isa = PBXBuildFile; fileRef = AF8B4319183265B80042696F /* PainterTests.m */; };
		BF7683A418580DCF007E5E20 /* QuartzCore.framework in Frameworks */ = {isa = PBXBuildFile; fileRef = BF7683A318580DCF007E5E20 /* QuartzCore.framework */; };
		BF7683A918580DDD007E5E20 /* Icon.png in Resources */ = {isa = PBXBuildFile; fileRef = BF7683A618580DDD007E5E20 /* Icon.png */; };
		BF7683AA18580DDD007E5E20 /* Icon@2x.png in Resources */ = {isa = PBXBuildFile; fileRef = BF7683A718580DDD007E5E20 /* Icon@2x.png */; };
		BF7683AB18580DDD007E5E20 /* Icon_120.png in Resources */ = {isa = PBXBuildFile; fileRef = BF7683A818580DDD007E5E20 /* Icon_120.png */; };
		BF7683B318580E24007E5E20 /* erase.png in Resources */ = {isa = PBXBuildFile; fileRef = BF7683AD18580E24007E5E20 /* erase.png */; };
		BF7683B418580E24007E5E20 /* erase@2x.png in Resources */ = {isa = PBXBuildFile; fileRef = BF7683AE18580E24007E5E20 /* erase@2x.png */; };
		BF7683B518580E24007E5E20 /* pen.png in Resources */ = {isa = PBXBuildFile; fileRef = BF7683AF18580E24007E5E20 /* pen.png */; };
		BF7683B618580E24007E5E20 /* pen@2x.png in Resources */ = {isa = PBXBuildFile; fileRef = BF7683B018580E24007E5E20 /* pen@2x.png */; };
		BF7683B718580E24007E5E20 /* trash.png in Resources */ = {isa = PBXBuildFile; fileRef = BF7683B118580E24007E5E20 /* trash.png */; };
		BF7683B818580E24007E5E20 /* trash@2x.png in Resources */ = {isa = PBXBuildFile; fileRef = BF7683B218580E24007E5E20 /* trash@2x.png */; };
		BF7683C018581039007E5E20 /* nav_back.png in Resources */ = {isa = PBXBuildFile; fileRef = BF7683BA18581039007E5E20 /* nav_back.png */; };
		BF7683C118581039007E5E20 /* nav_back@2x.png in Resources */ = {isa = PBXBuildFile; fileRef = BF7683BB18581039007E5E20 /* nav_back@2x.png */; };
		BF7683C218581039007E5E20 /* nav_bg.png in Resources */ = {isa = PBXBuildFile; fileRef = BF7683BC18581039007E5E20 /* nav_bg.png */; };
		BF7683C318581039007E5E20 /* nav_bg2.png in Resources */ = {isa = PBXBuildFile; fileRef = BF7683BD18581039007E5E20 /* nav_bg2.png */; };
		BF7683C418581039007E5E20 /* nav_bg2@2x.png in Resources */ = {isa = PBXBuildFile; fileRef = BF7683BE18581039007E5E20 /* nav_bg2@2x.png */; };
		BF7683C518581039007E5E20 /* nav_bg@2x.png in Resources */ = {isa = PBXBuildFile; fileRef = BF7683BF18581039007E5E20 /* nav_bg@2x.png */; };
		BF7683CD185815BB007E5E20 /* UINavigationItem+FR.m in Sources */ = {isa = PBXBuildFile; fileRef = BF7683CC185815BB007E5E20 /* UINavigationItem+FR.m */; };
		BF7683D2185816BF007E5E20 /* me_setbn.png in Resources */ = {isa = PBXBuildFile; fileRef = BF7683CE185816BF007E5E20 /* me_setbn.png */; };
		BF7683D3185816BF007E5E20 /* me_setbn@2x.png in Resources */ = {isa = PBXBuildFile; fileRef = BF7683CF185816BF007E5E20 /* me_setbn@2x.png */; };
		BF7683D4185816BF007E5E20 /* me_setbnon.png in Resources */ = {isa = PBXBuildFile; fileRef = BF7683D0185816BF007E5E20 /* me_setbnon.png */; };
		BF7683D5185816BF007E5E20 /* me_setbnon@2x.png in Resources */ = {isa = PBXBuildFile; fileRef = BF7683D1185816BF007E5E20 /* me_setbnon@2x.png */; };
		BF7683DB18581EA4007E5E20 /* MainView.m in Sources */ = {isa = PBXBuildFile; fileRef = BF7683D818581EA4007E5E20 /* MainView.m */; settings = {COMPILER_FLAGS = "-fno-objc-arc"; }; };
		BF7683DC18581EA4007E5E20 /* Squiggle.m in Sources */ = {isa = PBXBuildFile; fileRef = BF7683DA18581EA4007E5E20 /* Squiggle.m */; settings = {COMPILER_FLAGS = "-fno-objc-arc"; }; };
		BF7683E118584DC9007E5E20 /* setting_icon4.png in Resources */ = {isa = PBXBuildFile; fileRef = BF7683DF18584DC9007E5E20 /* setting_icon4.png */; };
		BF7683E218584DC9007E5E20 /* setting_icon4@2x.png in Resources */ = {isa = PBXBuildFile; fileRef = BF7683E018584DC9007E5E20 /* setting_icon4@2x.png */; };
		BF7683E5185851DC007E5E20 /* PSettingViewController.m in Sources */ = {isa = PBXBuildFile; fileRef = BF7683E4185851DC007E5E20 /* PSettingViewController.m */; };
		BF7683EB18586758007E5E20 /* UIImageCategory.m in Sources */ = {isa = PBXBuildFile; fileRef = BF7683EA18586758007E5E20 /* UIImageCategory.m */; };
		BF7683F218586906007E5E20 /* SVProgressHUD.bundle in Resources */ = {isa = PBXBuildFile; fileRef = BF7683EF18586906007E5E20 /* SVProgressHUD.bundle */; };
		BF7683F318586906007E5E20 /* SVProgressHUD.m in Sources */ = {isa = PBXBuildFile; fileRef = BF7683F118586906007E5E20 /* SVProgressHUD.m */; };
		BFB4D9FF185719EF0074A761 /* Default-568h@2x.png in Resources */ = {isa = PBXBuildFile; fileRef = BFB4D9FC185719EF0074A761 /* Default-568h@2x.png */; };
		BFB4DA00185719EF0074A761 /* Default.png in Resources */ = {isa = PBXBuildFile; fileRef = BFB4D9FD185719EF0074A761 /* Default.png */; };
		BFB4DA01185719EF0074A761 /* Default@2x.png in Resources */ = {isa = PBXBuildFile; fileRef = BFB4D9FE185719EF0074A761 /* Default@2x.png */; };
		BFB4DA0618571DE80074A761 /* PMainViewController.m in Sources */ = {isa = PBXBuildFile; fileRef = BFB4DA0518571DE80074A761 /* PMainViewController.m */; };
/* End PBXBuildFile section */

/* Begin PBXContainerItemProxy section */
		AF8B4311183265B80042696F /* PBXContainerItemProxy */ = {
			isa = PBXContainerItemProxy;
			containerPortal = AF8B42E9183265B80042696F /* Project object */;
			proxyType = 1;
			remoteGlobalIDString = AF8B42F0183265B80042696F;
			remoteInfo = Painter;
		};
/* End PBXContainerItemProxy section */

/* Begin PBXFileReference section */
		AF8B42F1183265B80042696F /* Painter.app */ = {isa = PBXFileReference; explicitFileType = wrapper.application; includeInIndex = 0; path = Painter.app; sourceTree = BUILT_PRODUCTS_DIR; };
		AF8B42F4183265B80042696F /* Foundation.framework */ = {isa = PBXFileReference; lastKnownFileType = wrapper.framework; name = Foundation.framework; path = System/Library/Frameworks/Foundation.framework; sourceTree = SDKROOT; };
		AF8B42F6183265B80042696F /* CoreGraphics.framework */ = {isa = PBXFileReference; lastKnownFileType = wrapper.framework; name = CoreGraphics.framework; path = System/Library/Frameworks/CoreGraphics.framework; sourceTree = SDKROOT; };
		AF8B42F8183265B80042696F /* UIKit.framework */ = {isa = PBXFileReference; lastKnownFileType = wrapper.framework; name = UIKit.framework; path = System/Library/Frameworks/UIKit.framework; sourceTree = SDKROOT; };
		AF8B42FC183265B80042696F /* Painter-Info.plist */ = {isa = PBXFileReference; lastKnownFileType = text.plist.xml; path = "Painter-Info.plist"; sourceTree = "<group>"; };
		AF8B42FE183265B80042696F /* en */ = {isa = PBXFileReference; lastKnownFileType = text.plist.strings; name = en; path = en.lproj/InfoPlist.strings; sourceTree = "<group>"; };
		AF8B4300183265B80042696F /* main.m */ = {isa = PBXFileReference; lastKnownFileType = sourcecode.c.objc; path = main.m; sourceTree = "<group>"; };
		AF8B4302183265B80042696F /* Painter-Prefix.pch */ = {isa = PBXFileReference; lastKnownFileType = sourcecode.c.h; path = "Painter-Prefix.pch"; sourceTree = "<group>"; };
		AF8B4303183265B80042696F /* AppDelegate.h */ = {isa = PBXFileReference; lastKnownFileType = sourcecode.c.h; path = AppDelegate.h; sourceTree = "<group>"; };
		AF8B4304183265B80042696F /* AppDelegate.m */ = {isa = PBXFileReference; lastKnownFileType = sourcecode.c.objc; path = AppDelegate.m; sourceTree = "<group>"; };
		AF8B4306183265B80042696F /* Images.xcassets */ = {isa = PBXFileReference; lastKnownFileType = folder.assetcatalog; path = Images.xcassets; sourceTree = "<group>"; };
		AF8B430C183265B80042696F /* PainterTests.xctest */ = {isa = PBXFileReference; explicitFileType = wrapper.cfbundle; includeInIndex = 0; path = PainterTests.xctest; sourceTree = BUILT_PRODUCTS_DIR; };
		AF8B430D183265B80042696F /* XCTest.framework */ = {isa = PBXFileReference; lastKnownFileType = wrapper.framework; name = XCTest.framework; path = Library/Frameworks/XCTest.framework; sourceTree = DEVELOPER_DIR; };
		AF8B4315183265B80042696F /* PainterTests-Info.plist */ = {isa = PBXFileReference; lastKnownFileType = text.plist.xml; path = "PainterTests-Info.plist"; sourceTree = "<group>"; };
		AF8B4317183265B80042696F /* en */ = {isa = PBXFileReference; lastKnownFileType = text.plist.strings; name = en; path = en.lproj/InfoPlist.strings; sourceTree = "<group>"; };
		AF8B4319183265B80042696F /* PainterTests.m */ = {isa = PBXFileReference; lastKnownFileType = sourcecode.c.objc; path = PainterTests.m; sourceTree = "<group>"; };
		BF7683A318580DCF007E5E20 /* QuartzCore.framework */ = {isa = PBXFileReference; lastKnownFileType = wrapper.framework; name = QuartzCore.framework; path = System/Library/Frameworks/QuartzCore.framework; sourceTree = SDKROOT; };
		BF7683A618580DDD007E5E20 /* Icon.png */ = {isa = PBXFileReference; lastKnownFileType = image.png; path = Icon.png; sourceTree = "<group>"; };
		BF7683A718580DDD007E5E20 /* Icon@2x.png */ = {isa = PBXFileReference; lastKnownFileType = image.png; path = "Icon@2x.png"; sourceTree = "<group>"; };
		BF7683A818580DDD007E5E20 /* Icon_120.png */ = {isa = PBXFileReference; lastKnownFileType = image.png; path = Icon_120.png; sourceTree = "<group>"; };
		BF7683AD18580E24007E5E20 /* erase.png */ = {isa = PBXFileReference; lastKnownFileType = image.png; path = erase.png; sourceTree = "<group>"; };
		BF7683AE18580E24007E5E20 /* erase@2x.png */ = {isa = PBXFileReference; lastKnownFileType = image.png; path = "erase@2x.png"; sourceTree = "<group>"; };
		BF7683AF18580E24007E5E20 /* pen.png */ = {isa = PBXFileReference; lastKnownFileType = image.png; path = pen.png; sourceTree = "<group>"; };
		BF7683B018580E24007E5E20 /* pen@2x.png */ = {isa = PBXFileReference; lastKnownFileType = image.png; path = "pen@2x.png"; sourceTree = "<group>"; };
		BF7683B118580E24007E5E20 /* trash.png */ = {isa = PBXFileReference; lastKnownFileType = image.png; path = trash.png; sourceTree = "<group>"; };
		BF7683B218580E24007E5E20 /* trash@2x.png */ = {isa = PBXFileReference; lastKnownFileType = image.png; path = "trash@2x.png"; sourceTree = "<group>"; };
		BF7683BA18581039007E5E20 /* nav_back.png */ = {isa = PBXFileReference; lastKnownFileType = image.png; path = nav_back.png; sourceTree = "<group>"; };
		BF7683BB18581039007E5E20 /* nav_back@2x.png */ = {isa = PBXFileReference; lastKnownFileType = image.png; path = "nav_back@2x.png"; sourceTree = "<group>"; };
		BF7683BC18581039007E5E20 /* nav_bg.png */ = {isa = PBXFileReference; lastKnownFileType = image.png; path = nav_bg.png; sourceTree = "<group>"; };
		BF7683BD18581039007E5E20 /* nav_bg2.png */ = {isa = PBXFileReference; lastKnownFileType = image.png; path = nav_bg2.png; sourceTree = "<group>"; };
		BF7683BE18581039007E5E20 /* nav_bg2@2x.png */ = {isa = PBXFileReference; lastKnownFileType = image.png; path = "nav_bg2@2x.png"; sourceTree = "<group>"; };
		BF7683BF18581039007E5E20 /* nav_bg@2x.png */ = {isa = PBXFileReference; lastKnownFileType = image.png; path = "nav_bg@2x.png"; sourceTree = "<group>"; };
		BF7683CB185815BB007E5E20 /* UINavigationItem+FR.h */ = {isa = PBXFileReference; fileEncoding = 4; lastKnownFileType = sourcecode.c.h; path = "UINavigationItem+FR.h"; sourceTree = "<group>"; };
		BF7683CC185815BB007E5E20 /* UINavigationItem+FR.m */ = {isa = PBXFileReference; fileEncoding = 4; lastKnownFileType = sourcecode.c.objc; path = "UINavigationItem+FR.m"; sourceTree = "<group>"; };
		BF7683CE185816BF007E5E20 /* me_setbn.png */ = {isa = PBXFileReference; lastKnownFileType = image.png; path = me_setbn.png; sourceTree = "<group>"; };
		BF7683CF185816BF007E5E20 /* me_setbn@2x.png */ = {isa = PBXFileReference; lastKnownFileType = image.png; path = "me_setbn@2x.png"; sourceTree = "<group>"; };
		BF7683D0185816BF007E5E20 /* me_setbnon.png */ = {isa = PBXFileReference; lastKnownFileType = image.png; path = me_setbnon.png; sourceTree = "<group>"; };
		BF7683D1185816BF007E5E20 /* me_setbnon@2x.png */ = {isa = PBXFileReference; lastKnownFileType = image.png; path = "me_setbnon@2x.png"; sourceTree = "<group>"; };
		BF7683D718581EA4007E5E20 /* MainView.h */ = {isa = PBXFileReference; fileEncoding = 4; lastKnownFileType = sourcecode.c.h; path = MainView.h; sourceTree = "<group>"; };
		BF7683D818581EA4007E5E20 /* MainView.m */ = {isa = PBXFileReference; fileEncoding = 4; lastKnownFileType = sourcecode.c.objc; path = MainView.m; sourceTree = "<group>"; };
		BF7683D918581EA4007E5E20 /* Squiggle.h */ = {isa = PBXFileReference; fileEncoding = 4; lastKnownFileType = sourcecode.c.h; path = Squiggle.h; sourceTree = "<group>"; };
		BF7683DA18581EA4007E5E20 /* Squiggle.m */ = {isa = PBXFileReference; fileEncoding = 4; lastKnownFileType = sourcecode.c.objc; path = Squiggle.m; sourceTree = "<group>"; };
		BF7683DF18584DC9007E5E20 /* setting_icon4.png */ = {isa = PBXFileReference; lastKnownFileType = image.png; path = setting_icon4.png; sourceTree = "<group>"; };
		BF7683E018584DC9007E5E20 /* setting_icon4@2x.png */ = {isa = PBXFileReference; lastKnownFileType = image.png; path = "setting_icon4@2x.png"; sourceTree = "<group>"; };
		BF7683E3185851DC007E5E20 /* PSettingViewController.h */ = {isa = PBXFileReference; fileEncoding = 4; lastKnownFileType = sourcecode.c.h; path = PSettingViewController.h; sourceTree = "<group>"; };
		BF7683E4185851DC007E5E20 /* PSettingViewController.m */ = {isa = PBXFileReference; fileEncoding = 4; lastKnownFileType = sourcecode.c.objc; path = PSettingViewController.m; sourceTree = "<group>"; };
		BF7683E918586758007E5E20 /* UIImageCategory.h */ = {isa = PBXFileReference; fileEncoding = 4; lastKnownFileType = sourcecode.c.h; path = UIImageCategory.h; sourceTree = "<group>"; };
		BF7683EA18586758007E5E20 /* UIImageCategory.m */ = {isa = PBXFileReference; fileEncoding = 4; lastKnownFileType = sourcecode.c.objc; path = UIImageCategory.m; sourceTree = "<group>"; };
		BF7683EF18586906007E5E20 /* SVProgressHUD.bundle */ = {isa = PBXFileReference; lastKnownFileType = "wrapper.plug-in"; path = SVProgressHUD.bundle; sourceTree = "<group>"; };
		BF7683F018586906007E5E20 /* SVProgressHUD.h */ = {isa = PBXFileReference; fileEncoding = 4; lastKnownFileType = sourcecode.c.h; path = SVProgressHUD.h; sourceTree = "<group>"; };
		BF7683F118586906007E5E20 /* SVProgressHUD.m */ = {isa = PBXFileReference; fileEncoding = 4; lastKnownFileType = sourcecode.c.objc; path = SVProgressHUD.m; sourceTree = "<group>"; };
		BFB4D9FC185719EF0074A761 /* Default-568h@2x.png */ = {isa = PBXFileReference; lastKnownFileType = image.png; path = "Default-568h@2x.png"; sourceTree = "<group>"; };
		BFB4D9FD185719EF0074A761 /* Default.png */ = {isa = PBXFileReference; lastKnownFileType = image.png; path = Default.png; sourceTree = "<group>"; };
		BFB4D9FE185719EF0074A761 /* Default@2x.png */ = {isa = PBXFileReference; lastKnownFileType = image.png; path = "Default@2x.png"; sourceTree = "<group>"; };
		BFB4DA0218571A460074A761 /* PConfig.h */ = {isa = PBXFileReference; fileEncoding = 4; lastKnownFileType = sourcecode.c.h; path = PConfig.h; sourceTree = "<group>"; };
		BFB4DA0418571DE80074A761 /* PMainViewController.h */ = {isa = PBXFileReference; fileEncoding = 4; lastKnownFileType = sourcecode.c.h; path = PMainViewController.h; sourceTree = "<group>"; };
		BFB4DA0518571DE80074A761 /* PMainViewController.m */ = {isa = PBXFileReference; fileEncoding = 4; lastKnownFileType = sourcecode.c.objc; path = PMainViewController.m; sourceTree = "<group>"; };
/* End PBXFileReference section */

/* Begin PBXFrameworksBuildPhase section */
		AF8B42EE183265B80042696F /* Frameworks */ = {
			isa = PBXFrameworksBuildPhase;
			buildActionMask = 2147483647;
			files = (
				BF7683A418580DCF007E5E20 /* QuartzCore.framework in Frameworks */,
				AF8B42F7183265B80042696F /* CoreGraphics.framework in Frameworks */,
				AF8B42F9183265B80042696F /* UIKit.framework in Frameworks */,
				AF8B42F5183265B80042696F /* Foundation.framework in Frameworks */,
			);
			runOnlyForDeploymentPostprocessing = 0;
		};
		AF8B4309183265B80042696F /* Frameworks */ = {
			isa = PBXFrameworksBuildPhase;
			buildActionMask = 2147483647;
			files = (
				AF8B430E183265B80042696F /* XCTest.framework in Frameworks */,
				AF8B4310183265B80042696F /* UIKit.framework in Frameworks */,
				AF8B430F183265B80042696F /* Foundation.framework in Frameworks */,
			);
			runOnlyForDeploymentPostprocessing = 0;
		};
/* End PBXFrameworksBuildPhase section */

/* Begin PBXGroup section */
		AF8B42E8183265B80042696F = {
			isa = PBXGroup;
			children = (
				AF8B42FA183265B80042696F /* Painter */,
				AF8B4313183265B80042696F /* PainterTests */,
				AF8B42F3183265B80042696F /* Frameworks */,
				AF8B42F2183265B80042696F /* Products */,
			);
			sourceTree = "<group>";
		};
		AF8B42F2183265B80042696F /* Products */ = {
			isa = PBXGroup;
			children = (
				AF8B42F1183265B80042696F /* Painter.app */,
				AF8B430C183265B80042696F /* PainterTests.xctest */,
			);
			name = Products;
			sourceTree = "<group>";
		};
		AF8B42F3183265B80042696F /* Frameworks */ = {
			isa = PBXGroup;
			children = (
				BF7683A318580DCF007E5E20 /* QuartzCore.framework */,
				AF8B42F4183265B80042696F /* Foundation.framework */,
				AF8B42F6183265B80042696F /* CoreGraphics.framework */,
				AF8B42F8183265B80042696F /* UIKit.framework */,
				AF8B430D183265B80042696F /* XCTest.framework */,
			);
			name = Frameworks;
			sourceTree = "<group>";
		};
		AF8B42FA183265B80042696F /* Painter */ = {
			isa = PBXGroup;
			children = (
				BFB4DA0218571A460074A761 /* PConfig.h */,
				AF8B4303183265B80042696F /* AppDelegate.h */,
				AF8B4304183265B80042696F /* AppDelegate.m */,
				BF7683ED18586906007E5E20 /* ThirdLibrary */,
				BF7683CA185815A4007E5E20 /* UIKit */,
				BF7683D618581E8F007E5E20 /* UIViews */,
				BFB4DA0318571B060074A761 /* UIViewControllers */,
				AF8B4306183265B80042696F /* Images.xcassets */,
				AF8B42FB183265B80042696F /* Supporting Files */,
				BFB4D9FA185719EF0074A761 /* Resource */,
			);
			path = Painter;
			sourceTree = "<group>";
		};
		AF8B42FB183265B80042696F /* Supporting Files */ = {
			isa = PBXGroup;
			children = (
				AF8B42FC183265B80042696F /* Painter-Info.plist */,
				AF8B42FD183265B80042696F /* InfoPlist.strings */,
				AF8B4300183265B80042696F /* main.m */,
				AF8B4302183265B80042696F /* Painter-Prefix.pch */,
			);
			name = "Supporting Files";
			sourceTree = "<group>";
		};
		AF8B4313183265B80042696F /* PainterTests */ = {
			isa = PBXGroup;
			children = (
				AF8B4319183265B80042696F /* PainterTests.m */,
				AF8B4314183265B80042696F /* Supporting Files */,
			);
			path = PainterTests;
			sourceTree = "<group>";
		};
		AF8B4314183265B80042696F /* Supporting Files */ = {
			isa = PBXGroup;
			children = (
				AF8B4315183265B80042696F /* PainterTests-Info.plist */,
				AF8B4316183265B80042696F /* InfoPlist.strings */,
			);
			name = "Supporting Files";
			sourceTree = "<group>";
		};
		BF7683A518580DDD007E5E20 /* Icon */ = {
			isa = PBXGroup;
			children = (
				BF7683A618580DDD007E5E20 /* Icon.png */,
				BF7683A718580DDD007E5E20 /* Icon@2x.png */,
				BF7683A818580DDD007E5E20 /* Icon_120.png */,
			);
			path = Icon;
			sourceTree = "<group>";
		};
		BF7683AC18580E24007E5E20 /* Setting */ = {
			isa = PBXGroup;
			children = (
				BF7683CE185816BF007E5E20 /* me_setbn.png */,
				BF7683CF185816BF007E5E20 /* me_setbn@2x.png */,
				BF7683D0185816BF007E5E20 /* me_setbnon.png */,
				BF7683D1185816BF007E5E20 /* me_setbnon@2x.png */,
				BF7683AD18580E24007E5E20 /* erase.png */,
				BF7683AE18580E24007E5E20 /* erase@2x.png */,
				BF7683AF18580E24007E5E20 /* pen.png */,
				BF7683B018580E24007E5E20 /* pen@2x.png */,
				BF7683B118580E24007E5E20 /* trash.png */,
				BF7683B218580E24007E5E20 /* trash@2x.png */,
			);
			path = Setting;
			sourceTree = "<group>";
		};
		BF7683B918581039007E5E20 /* Navigation */ = {
			isa = PBXGroup;
			children = (
				BF7683DF18584DC9007E5E20 /* setting_icon4.png */,
				BF7683E018584DC9007E5E20 /* setting_icon4@2x.png */,
				BF7683BA18581039007E5E20 /* nav_back.png */,
				BF7683BB18581039007E5E20 /* nav_back@2x.png */,
				BF7683BC18581039007E5E20 /* nav_bg.png */,
				BF7683BD18581039007E5E20 /* nav_bg2.png */,
				BF7683BE18581039007E5E20 /* nav_bg2@2x.png */,
				BF7683BF18581039007E5E20 /* nav_bg@2x.png */,
			);
			path = Navigation;
			sourceTree = "<group>";
		};
		BF7683CA185815A4007E5E20 /* UIKit */ = {
			isa = PBXGroup;
			children = (
				BF7683E918586758007E5E20 /* UIImageCategory.h */,
				BF7683EA18586758007E5E20 /* UIImageCategory.m */,
				BF7683CB185815BB007E5E20 /* UINavigationItem+FR.h */,
				BF7683CC185815BB007E5E20 /* UINavigationItem+FR.m */,
			);
			path = UIKit;
			sourceTree = "<group>";
		};
		BF7683D618581E8F007E5E20 /* UIViews */ = {
			isa = PBXGroup;
			children = (
				BF7683D718581EA4007E5E20 /* MainView.h */,
				BF7683D818581EA4007E5E20 /* MainView.m */,
				BF7683D918581EA4007E5E20 /* Squiggle.h */,
				BF7683DA18581EA4007E5E20 /* Squiggle.m */,
			);
			path = UIViews;
			sourceTree = "<group>";
		};
		BF7683ED18586906007E5E20 /* ThirdLibrary */ = {
			isa = PBXGroup;
			children = (
				BF7683EE18586906007E5E20 /* SVProgressHUD */,
			);
			path = ThirdLibrary;
			sourceTree = "<group>";
		};
		BF7683EE18586906007E5E20 /* SVProgressHUD */ = {
			isa = PBXGroup;
			children = (
				BF7683EF18586906007E5E20 /* SVProgressHUD.bundle */,
				BF7683F018586906007E5E20 /* SVProgressHUD.h */,
				BF7683F118586906007E5E20 /* SVProgressHUD.m */,
			);
			path = SVProgressHUD;
			sourceTree = "<group>";
		};
		BFB4D9FA185719EF0074A761 /* Resource */ = {
			isa = PBXGroup;
			children = (
				BF7683B918581039007E5E20 /* Navigation */,
				BF7683AC18580E24007E5E20 /* Setting */,
				BF7683A518580DDD007E5E20 /* Icon */,
				BFB4D9FB185719EF0074A761 /* Default */,
			);
			path = Resource;
			sourceTree = "<group>";
		};
		BFB4D9FB185719EF0074A761 /* Default */ = {
			isa = PBXGroup;
			children = (
				BFB4D9FC185719EF0074A761 /* Default-568h@2x.png */,
				BFB4D9FD185719EF0074A761 /* Default.png */,
				BFB4D9FE185719EF0074A761 /* Default@2x.png */,
			);
			path = Default;
			sourceTree = "<group>";
		};
		BFB4DA0318571B060074A761 /* UIViewControllers */ = {
			isa = PBXGroup;
			children = (
				BFB4DA0418571DE80074A761 /* PMainViewController.h */,
				BFB4DA0518571DE80074A761 /* PMainViewController.m */,
				BF7683E3185851DC007E5E20 /* PSettingViewController.h */,
				BF7683E4185851DC007E5E20 /* PSettingViewController.m */,
			);
			path = UIViewControllers;
			sourceTree = "<group>";
		};
/* End PBXGroup section */

/* Begin PBXNativeTarget section */
		AF8B42F0183265B80042696F /* Painter */ = {
			isa = PBXNativeTarget;
			buildConfigurationList = AF8B431D183265B80042696F /* Build configuration list for PBXNativeTarget "Painter" */;
			buildPhases = (
				AF8B42ED183265B80042696F /* Sources */,
				AF8B42EE183265B80042696F /* Frameworks */,
				AF8B42EF183265B80042696F /* Resources */,
			);
			buildRules = (
			);
			dependencies = (
			);
			name = Painter;
			productName = Painter;
			productReference = AF8B42F1183265B80042696F /* Painter.app */;
			productType = "com.apple.product-type.application";
		};
		AF8B430B183265B80042696F /* PainterTests */ = {
			isa = PBXNativeTarget;
			buildConfigurationList = AF8B4320183265B80042696F /* Build configuration list for PBXNativeTarget "PainterTests" */;
			buildPhases = (
				AF8B4308183265B80042696F /* Sources */,
				AF8B4309183265B80042696F /* Frameworks */,
				AF8B430A183265B80042696F /* Resources */,
			);
			buildRules = (
			);
			dependencies = (
				AF8B4312183265B80042696F /* PBXTargetDependency */,
			);
			name = PainterTests;
			productName = PainterTests;
			productReference = AF8B430C183265B80042696F /* PainterTests.xctest */;
			productType = "com.apple.product-type.bundle.unit-test";
		};
/* End PBXNativeTarget section */

/* Begin PBXProject section */
		AF8B42E9183265B80042696F /* Project object */ = {
			isa = PBXProject;
			attributes = {
				CLASSPREFIX = P;
				LastUpgradeCheck = 0500;
				ORGANIZATIONNAME = "Yaoqiang Chen";
				TargetAttributes = {
					AF8B430B183265B80042696F = {
						TestTargetID = AF8B42F0183265B80042696F;
					};
				};
			};
			buildConfigurationList = AF8B42EC183265B80042696F /* Build configuration list for PBXProject "Painter" */;
			compatibilityVersion = "Xcode 3.2";
			developmentRegion = English;
			hasScannedForEncodings = 0;
			knownRegions = (
				en,
			);
			mainGroup = AF8B42E8183265B80042696F;
			productRefGroup = AF8B42F2183265B80042696F /* Products */;
			projectDirPath = "";
			projectRoot = "";
			targets = (
				AF8B42F0183265B80042696F /* Painter */,
				AF8B430B183265B80042696F /* PainterTests */,
			);
		};
/* End PBXProject section */

/* Begin PBXResourcesBuildPhase section */
		AF8B42EF183265B80042696F /* Resources */ = {
			isa = PBXResourcesBuildPhase;
			buildActionMask = 2147483647;
			files = (
				BF7683D2185816BF007E5E20 /* me_setbn.png in Resources */,
				BF7683A918580DDD007E5E20 /* Icon.png in Resources */,
				BF7683C118581039007E5E20 /* nav_back@2x.png in Resources */,
				BF7683B818580E24007E5E20 /* trash@2x.png in Resources */,
				AF8B42FF183265B80042696F /* InfoPlist.strings in Resources */,
				BF7683B618580E24007E5E20 /* pen@2x.png in Resources */,
				BF7683C218581039007E5E20 /* nav_bg.png in Resources */,
				BF7683AB18580DDD007E5E20 /* Icon_120.png in Resources */,
				BF7683D5185816BF007E5E20 /* me_setbnon@2x.png in Resources */,
				BF7683E218584DC9007E5E20 /* setting_icon4@2x.png in Resources */,
				BF7683F218586906007E5E20 /* SVProgressHUD.bundle in Resources */,
				BF7683AA18580DDD007E5E20 /* Icon@2x.png in Resources */,
				AF8B4307183265B80042696F /* Images.xcassets in Resources */,
				BF7683B318580E24007E5E20 /* erase.png in Resources */,
				BF7683D3185816BF007E5E20 /* me_setbn@2x.png in Resources */,
				BFB4DA01185719EF0074A761 /* Default@2x.png in Resources */,
				BF7683B418580E24007E5E20 /* erase@2x.png in Resources */,
				BF7683C018581039007E5E20 /* nav_back.png in Resources */,
				BF7683E118584DC9007E5E20 /* setting_icon4.png in Resources */,
				BF7683B518580E24007E5E20 /* pen.png in Resources */,
				BF7683C418581039007E5E20 /* nav_bg2@2x.png in Resources */,
				BFB4D9FF185719EF0074A761 /* Default-568h@2x.png in Resources */,
				BFB4DA00185719EF0074A761 /* Default.png in Resources */,
				BF7683B718580E24007E5E20 /* trash.png in Resources */,
				BF7683D4185816BF007E5E20 /* me_setbnon.png in Resources */,
				BF7683C318581039007E5E20 /* nav_bg2.png in Resources */,
				BF7683C518581039007E5E20 /* nav_bg@2x.png in Resources */,
			);
			runOnlyForDeploymentPostprocessing = 0;
		};
		AF8B430A183265B80042696F /* Resources */ = {
			isa = PBXResourcesBuildPhase;
			buildActionMask = 2147483647;
			files = (
				AF8B4318183265B80042696F /* InfoPlist.strings in Resources */,
			);
			runOnlyForDeploymentPostprocessing = 0;
		};
/* End PBXResourcesBuildPhase section */

/* Begin PBXSourcesBuildPhase section */
		AF8B42ED183265B80042696F /* Sources */ = {
			isa = PBXSourcesBuildPhase;
			buildActionMask = 2147483647;
			files = (
				BF7683DC18581EA4007E5E20 /* Squiggle.m in Sources */,
				BF7683E5185851DC007E5E20 /* PSettingViewController.m in Sources */,
				BF7683DB18581EA4007E5E20 /* MainView.m in Sources */,
				BF7683EB18586758007E5E20 /* UIImageCategory.m in Sources */,
				BF7683CD185815BB007E5E20 /* UINavigationItem+FR.m in Sources */,
				BF7683F318586906007E5E20 /* SVProgressHUD.m in Sources */,
				BFB4DA0618571DE80074A761 /* PMainViewController.m in Sources */,
				AF8B4305183265B80042696F /* AppDelegate.m in Sources */,
				AF8B4301183265B80042696F /* main.m in Sources */,
			);
			runOnlyForDeploymentPostprocessing = 0;
		};
		AF8B4308183265B80042696F /* Sources */ = {
			isa = PBXSourcesBuildPhase;
			buildActionMask = 2147483647;
			files = (
				AF8B431A183265B80042696F /* PainterTests.m in Sources */,
			);
			runOnlyForDeploymentPostprocessing = 0;
		};
/* End PBXSourcesBuildPhase section */

/* Begin PBXTargetDependency section */
		AF8B4312183265B80042696F /* PBXTargetDependency */ = {
			isa = PBXTargetDependency;
			target = AF8B42F0183265B80042696F /* Painter */;
			targetProxy = AF8B4311183265B80042696F /* PBXContainerItemProxy */;
		};
/* End PBXTargetDependency section */

/* Begin PBXVariantGroup section */
		AF8B42FD183265B80042696F /* InfoPlist.strings */ = {
			isa = PBXVariantGroup;
			children = (
				AF8B42FE183265B80042696F /* en */,
			);
			name = InfoPlist.strings;
			sourceTree = "<group>";
		};
		AF8B4316183265B80042696F /* InfoPlist.strings */ = {
			isa = PBXVariantGroup;
			children = (
				AF8B4317183265B80042696F /* en */,
			);
			name = InfoPlist.strings;
			sourceTree = "<group>";
		};
/* End PBXVariantGroup section */

/* Begin XCBuildConfiguration section */
		AF8B431B183265B80042696F /* Debug */ = {
			isa = XCBuildConfiguration;
			buildSettings = {
				ALWAYS_SEARCH_USER_PATHS = NO;
				ARCHS = "$(ARCHS_STANDARD_INCLUDING_64_BIT)";
				CLANG_CXX_LANGUAGE_STANDARD = "gnu++0x";
				CLANG_CXX_LIBRARY = "libc++";
				CLANG_ENABLE_MODULES = YES;
				CLANG_ENABLE_OBJC_ARC = YES;
				CLANG_WARN_BOOL_CONVERSION = YES;
				CLANG_WARN_CONSTANT_CONVERSION = YES;
				CLANG_WARN_DIRECT_OBJC_ISA_USAGE = YES_ERROR;
				CLANG_WARN_EMPTY_BODY = YES;
				CLANG_WARN_ENUM_CONVERSION = YES;
				CLANG_WARN_INT_CONVERSION = YES;
				CLANG_WARN_OBJC_ROOT_CLASS = YES_ERROR;
				CLANG_WARN__DUPLICATE_METHOD_MATCH = YES;
				"CODE_SIGN_IDENTITY[sdk=iphoneos*]" = "iPhone Developer";
				COPY_PHASE_STRIP = NO;
				GCC_C_LANGUAGE_STANDARD = gnu99;
				GCC_DYNAMIC_NO_PIC = NO;
				GCC_OPTIMIZATION_LEVEL = 0;
				GCC_PREPROCESSOR_DEFINITIONS = (
					"DEBUG=1",
					"$(inherited)",
				);
				GCC_SYMBOLS_PRIVATE_EXTERN = NO;
				GCC_WARN_64_TO_32_BIT_CONVERSION = YES;
				GCC_WARN_ABOUT_RETURN_TYPE = YES_ERROR;
				GCC_WARN_UNDECLARED_SELECTOR = YES;
				GCC_WARN_UNINITIALIZED_AUTOS = YES;
				GCC_WARN_UNUSED_FUNCTION = YES;
				GCC_WARN_UNUSED_VARIABLE = YES;
				IPHONEOS_DEPLOYMENT_TARGET = 5.0;
				ONLY_ACTIVE_ARCH = YES;
				SDKROOT = iphoneos;
			};
			name = Debug;
		};
		AF8B431C183265B80042696F /* Release */ = {
			isa = XCBuildConfiguration;
			buildSettings = {
				ALWAYS_SEARCH_USER_PATHS = NO;
				ARCHS = "$(ARCHS_STANDARD_INCLUDING_64_BIT)";
				CLANG_CXX_LANGUAGE_STANDARD = "gnu++0x";
				CLANG_CXX_LIBRARY = "libc++";
				CLANG_ENABLE_MODULES = YES;
				CLANG_ENABLE_OBJC_ARC = YES;
				CLANG_WARN_BOOL_CONVERSION = YES;
				CLANG_WARN_CONSTANT_CONVERSION = YES;
				CLANG_WARN_DIRECT_OBJC_ISA_USAGE = YES_ERROR;
				CLANG_WARN_EMPTY_BODY = YES;
				CLANG_WARN_ENUM_CONVERSION = YES;
				CLANG_WARN_INT_CONVERSION = YES;
				CLANG_WARN_OBJC_ROOT_CLASS = YES_ERROR;
				CLANG_WARN__DUPLICATE_METHOD_MATCH = YES;
				"CODE_SIGN_IDENTITY[sdk=iphoneos*]" = "iPhone Developer";
				COPY_PHASE_STRIP = YES;
				ENABLE_NS_ASSERTIONS = NO;
				GCC_C_LANGUAGE_STANDARD = gnu99;
				GCC_WARN_64_TO_32_BIT_CONVERSION = YES;
				GCC_WARN_ABOUT_RETURN_TYPE = YES_ERROR;
				GCC_WARN_UNDECLARED_SELECTOR = YES;
				GCC_WARN_UNINITIALIZED_AUTOS = YES;
				GCC_WARN_UNUSED_FUNCTION = YES;
				GCC_WARN_UNUSED_VARIABLE = YES;
				IPHONEOS_DEPLOYMENT_TARGET = 5.0;
				SDKROOT = iphoneos;
				VALIDATE_PRODUCT = YES;
			};
			name = Release;
		};
		AF8B431E183265B80042696F /* Debug */ = {
			isa = XCBuildConfiguration;
			buildSettings = {
				GCC_PRECOMPILE_PREFIX_HEADER = YES;
				GCC_PREFIX_HEADER = "Painter/Painter-Prefix.pch";
				INFOPLIST_FILE = "Painter/Painter-Info.plist";
				PRODUCT_NAME = "$(TARGET_NAME)";
				WRAPPER_EXTENSION = app;
			};
			name = Debug;
		};
		AF8B431F183265B80042696F /* Release */ = {
			isa = XCBuildConfiguration;
			buildSettings = {
				GCC_PRECOMPILE_PREFIX_HEADER = YES;
				GCC_PREFIX_HEADER = "Painter/Painter-Prefix.pch";
				INFOPLIST_FILE = "Painter/Painter-Info.plist";
				PRODUCT_NAME = "$(TARGET_NAME)";
				WRAPPER_EXTENSION = app;
			};
			name = Release;
		};
		AF8B4321183265B80042696F /* Debug */ = {
			isa = XCBuildConfiguration;
			buildSettings = {
				ARCHS = "$(ARCHS_STANDARD_INCLUDING_64_BIT)";
				BUNDLE_LOADER = "$(BUILT_PRODUCTS_DIR)/Painter.app/Painter";
				FRAMEWORK_SEARCH_PATHS = (
					"$(SDKROOT)/Developer/Library/Frameworks",
					"$(inherited)",
					"$(DEVELOPER_FRAMEWORKS_DIR)",
				);
				GCC_PRECOMPILE_PREFIX_HEADER = YES;
				GCC_PREFIX_HEADER = "Painter/Painter-Prefix.pch";
				GCC_PREPROCESSOR_DEFINITIONS = (
					"DEBUG=1",
					"$(inherited)",
				);
				INFOPLIST_FILE = "PainterTests/PainterTests-Info.plist";
				PRODUCT_NAME = "$(TARGET_NAME)";
				TEST_HOST = "$(BUNDLE_LOADER)";
				WRAPPER_EXTENSION = xctest;
			};
			name = Debug;
		};
		AF8B4322183265B80042696F /* Release */ = {
			isa = XCBuildConfiguration;
			buildSettings = {
				ARCHS = "$(ARCHS_STANDARD_INCLUDING_64_BIT)";
				BUNDLE_LOADER = "$(BUILT_PRODUCTS_DIR)/Painter.app/Painter";
				FRAMEWORK_SEARCH_PATHS = (
					"$(SDKROOT)/Developer/Library/Frameworks",
					"$(inherited)",
					"$(DEVELOPER_FRAMEWORKS_DIR)",
				);
				GCC_PRECOMPILE_PREFIX_HEADER = YES;
				GCC_PREFIX_HEADER = "Painter/Painter-Prefix.pch";
				INFOPLIST_FILE = "PainterTests/PainterTests-Info.plist";
				PRODUCT_NAME = "$(TARGET_NAME)";
				TEST_HOST = "$(BUNDLE_LOADER)";
				WRAPPER_EXTENSION = xctest;
			};
			name = Release;
		};
/* End XCBuildConfiguration section */

/* Begin XCConfigurationList section */
		AF8B42EC183265B80042696F /* Build configuration list for PBXProject "Painter" */ = {
			isa = XCConfigurationList;
			buildConfigurations = (
				AF8B431B183265B80042696F /* Debug */,
				AF8B431C183265B80042696F /* Release */,
			);
			defaultConfigurationIsVisible = 0;
			defaultConfigurationName = Release;
		};
		AF8B431D183265B80042696F /* Build configuration list for PBXNativeTarget "Painter" */ = {
			isa = XCConfigurationList;
			buildConfigurations = (
				AF8B431E183265B80042696F /* Debug */,
				AF8B431F183265B80042696F /* Release */,
			);
			defaultConfigurationIsVisible = 0;
			defaultConfigurationName = Release;
		};
		AF8B4320183265B80042696F /* Build configuration list for PBXNativeTarget "PainterTests" */ = {
			isa = XCConfigurationList;
			buildConfigurations = (
				AF8B4321183265B80042696F /* Debug */,
				AF8B4322183265B80042696F /* Release */,
			);
			defaultConfigurationIsVisible = 0;
			defaultConfigurationName = Release;
		};
/* End XCConfigurationList section */
	};
	rootObject = AF8B42E9183265B80042696F /* Project object */;
}
